{
  "requires": true,
  "lockfileVersion": 1,
  "dependencies": {
    "react-ga": {
      "version": "3.3.0",
      "resolved": "https://registry.npmjs.org/react-ga/-/react-ga-3.3.0.tgz",
      "integrity": "sha512-o8RScHj6Lb8cwy3GMrVH6NJvL+y0zpJvKtc0+wmH7Bt23rszJmnqEQxRbyrqUzk9DTJIHoP42bfO5rswC9SWBQ=="
    },
    "redux-thunk": {
      "version": "2.4.1",
      "resolved": "https://registry.npmjs.org/redux-thunk/-/redux-thunk-2.4.1.tgz",
      "integrity": "sha512-OOYGNY5Jy2TWvTL1KgAlVy6dcx3siPJ1wTq741EPyUKfn6W6nChdICjZwCd0p8AZBs5kWpZlbkXW2nE/zjUa+Q=="
    }
  }
}
